
Microsoft Visual Studio Solution File, Format Version 12.00
# Visual Studio Version 16
VisualStudioVersion = 16.0.29519.87
MinimumVisualStudioVersion = 10.0.40219.1
Project("{FAE04EC0-301F-11D3-BF4B-00C04F79EFBC}") = "weatherApp.UWP", "weatherApp\weatherApp.UWP\weatherApp.UWP.csproj", "{BC10596E-48B3-41DC-A736-28C89F871234}"
EndProject
Project("{FAE04EC0-301F-11D3-BF4B-00C04F79EFBC}") = "weatherApp.Android", "weatherApp\weatherApp.Android\weatherApp.Android.csproj", "{F42E42B1-1903-4AF1-B716-2E2B8CD0507C}"
EndProject
Project("{FAE04EC0-301F-11D3-BF4B-00C04F79EFBC}") = "weatherApp.iOS", "weatherApp\weatherApp.iOS\weatherApp.iOS.csproj", "{D475C382-AEBD-467F-BABA-D901995091A9}"
EndProject
Project("{FAE04EC0-301F-11D3-BF4B-00C04F79EFBC}") = "weatherApp", "weatherApp\weatherApp\weatherApp.csproj", "{D0DEF01A-8612-4B79-BE3C-831008F9FD2E}"
EndProject
Global
	GlobalSection(SolutionConfigurationPlatforms) = preSolution
		Debug|Any CPU = Debug|Any CPU
		Debug|ARM = Debug|ARM
		Debug|iPhone = Debug|iPhone
		Debug|iPhoneSimulator = Debug|iPhoneSimulator
		Debug|x64 = Debug|x64
		Debug|x86 = Debug|x86
		Release|Any CPU = Release|Any CPU
		Release|ARM = Release|ARM
		Release|iPhone = Release|iPhone
		Release|iPhoneSimulator = Release|iPhoneSimulator
		Release|x64 = Release|x64
		Release|x86 = Release|x86
	EndGlobalSection
	GlobalSection(ProjectConfigurationPlatforms) = postSolution
		{BC10596E-48B3-41DC-A736-28C89F871234}.Debug|Any CPU.ActiveCfg = Debug|x86
		{BC10596E-48B3-41DC-A736-28C89F871234}.Debug|Any CPU.Build.0 = Debug|x86
		{BC10596E-48B3-41DC-A736-28C89F871234}.Debug|Any CPU.Deploy.0 = Debug|x86
		{BC10596E-48B3-41DC-A736-28C89F871234}.Debug|ARM.ActiveCfg = Debug|ARM
		{BC10596E-48B3-41DC-A736-28C89F871234}.Debug|ARM.Build.0 = Debug|ARM
		{BC10596E-48B3-41DC-A736-28C89F871234}.Debug|ARM.Deploy.0 = Debug|ARM
		{BC10596E-48B3-41DC-A736-28C89F871234}.Debug|iPhone.ActiveCfg = Debug|x86
		{BC10596E-48B3-41DC-A736-28C89F871234}.Debug|iPhone.Build.0 = Debug|x86
		{BC10596E-48B3-41DC-A736-28C89F871234}.Debug|iPhone.Deploy.0 = Debug|x86
		{BC10596E-48B3-41DC-A736-28C89F871234}.Debug|iPhoneSimulator.ActiveCfg = Debug|x86
		{BC10596E-48B3-41DC-A736-28C89F871234}.Debug|iPhoneSimulator.Build.0 = Debug|x86
		{BC10596E-48B3-41DC-A736-28C89F871234}.Debug|iPhoneSimulator.Deploy.0 = Debug|x86
		{BC10596E-48B3-41DC-A736-28C89F871234}.Debug|x64.ActiveCfg = Debug|x64
		{BC10596E-48B3-41DC-A736-28C89F871234}.Debug|x64.Build.0 = Debug|x64
		{BC10596E-48B3-41DC-A736-28C89F871234}.Debug|x64.Deploy.0 = Debug|x64
		{BC10596E-48B3-41DC-A736-28C89F871234}.Debug|x86.ActiveCfg = Debug|x86
		{BC10596E-48B3-41DC-A736-28C89F871234}.Debug|x86.Build.0 = Debug|x86
		{BC10596E-48B3-41DC-A736-28C89F871234}.Debug|x86.Deploy.0 = Debug|x86
		{BC10596E-48B3-41DC-A736-28C89F871234}.Release|Any CPU.ActiveCfg = Release|x86
		{BC10596E-48B3-41DC-A736-28C89F871234}.Release|Any CPU.Build.0 = Release|x86
		{BC10596E-48B3-41DC-A736-28C89F871234}.Release|Any CPU.Deploy.0 = Release|x86
		{BC10596E-48B3-41DC-A736-28C89F871234}.Release|ARM.ActiveCfg = Release|ARM
		{BC10596E-48B3-41DC-A736-28C89F871234}.Release|ARM.Build.0 = Release|ARM
		{BC10596E-48B3-41DC-A736-28C89F871234}.Release|ARM.Deploy.0 = Release|ARM
		{BC10596E-48B3-41DC-A736-28C89F871234}.Release|iPhone.ActiveCfg = Release|x86
		{BC10596E-48B3-41DC-A736-28C89F871234}.Release|iPhone.Build.0 = Release|x86
		{BC10596E-48B3-41DC-A736-28C89F871234}.Release|iPhone.Deploy.0 = Release|x86
		{BC10596E-48B3-41DC-A736-28C89F871234}.Release|iPhoneSimulator.ActiveCfg = Release|x86
		{BC10596E-48B3-41DC-A736-28C89F871234}.Release|iPhoneSimulator.Build.0 = Release|x86
		{BC10596E-48B3-41DC-A736-28C89F871234}.Release|iPhoneSimulator.Deploy.0 = Release|x86
		{BC10596E-48B3-41DC-A736-28C89F871234}.Release|x64.ActiveCfg = Release|x64
		{BC10596E-48B3-41DC-A736-28C89F871234}.Release|x64.Build.0 = Release|x64
		{BC10596E-48B3-41DC-A736-28C89F871234}.Release|x64.Deploy.0 = Release|x64
		{BC10596E-48B3-41DC-A736-28C89F871234}.Release|x86.ActiveCfg = Release|x86
		{BC10596E-48B3-41DC-A736-28C89F871234}.Release|x86.Build.0 = Release|x86
		{BC10596E-48B3-41DC-A736-28C89F871234}.Release|x86.Deploy.0 = Release|x86
		{F42E42B1-1903-4AF1-B716-2E2B8CD0507C}.Debug|Any CPU.ActiveCfg = Debug|Any CPU
		{F42E42B1-1903-4AF1-B716-2E2B8CD0507C}.Debug|Any CPU.Build.0 = Debug|Any CPU
		{F42E42B1-1903-4AF1-B716-2E2B8CD0507C}.Debug|Any CPU.Deploy.0 = Debug|Any CPU
		{F42E42B1-1903-4AF1-B716-2E2B8CD0507C}.Debug|ARM.ActiveCfg = Debug|Any CPU
		{F42E42B1-1903-4AF1-B716-2E2B8CD0507C}.Debug|ARM.Build.0 = Debug|Any CPU
		{F42E42B1-1903-4AF1-B716-2E2B8CD0507C}.Debug|ARM.Deploy.0 = Debug|Any CPU
		{F42E42B1-1903-4AF1-B716-2E2B8CD0507C}.Debug|iPhone.ActiveCfg = Debug|Any CPU
		{F42E42B1-1903-4AF1-B716-2E2B8CD0507C}.Debug|iPhone.Build.0 = Debug|Any CPU
		{F42E42B1-1903-4AF1-B716-2E2B8CD0507C}.Debug|iPhone.Deploy.0 = Debug|Any CPU
		{F42E42B1-1903-4AF1-B716-2E2B8CD0507C}.Debug|iPhoneSimulator.ActiveCfg = Debug|Any CPU
		{F42E42B1-1903-4AF1-B716-2E2B8CD0507C}.Debug|iPhoneSimulator.Build.0 = Debug|Any CPU
		{F42E42B1-1903-4AF1-B716-2E2B8CD0507C}.Debug|iPhoneSimulator.Deploy.0 = Debug|Any CPU
		{F42E42B1-1903-4AF1-B716-2E2B8CD0507C}.Debug|x64.ActiveCfg = Debug|Any CPU
		{F42E42B1-1903-4AF1-B716-2E2B8CD0507C}.Debug|x64.Build.0 = Debug|Any CPU
		{F42E42B1-1903-4AF1-B716-2E2B8CD0507C}.Debug|x64.Deploy.0 = Debug|Any CPU
		{F42E42B1-1903-4AF1-B716-2E2B8CD0507C}.Debug|x86.ActiveCfg = Debug|Any CPU
		{F42E42B1-1903-4AF1-B716-2E2B8CD0507C}.Debug|x86.Build.0 = Debug|Any CPU
		{F42E42B1-1903-4AF1-B716-2E2B8CD0507C}.Debug|x86.Deploy.0 = Debug|Any CPU
		{F42E42B1-1903-4AF1-B716-2E2B8CD0507C}.Release|Any CPU.ActiveCfg = Release|Any CPU
		{F42E42B1-1903-4AF1-B716-2E2B8CD0507C}.Release|Any CPU.Build.0 = Release|Any CPU
		{F42E42B1-1903-4AF1-B716-2E2B8CD0507C}.Release|Any CPU.Deploy.0 = Release|Any CPU
		{F42E42B1-1903-4AF1-B716-2E2B8CD0507C}.Release|ARM.ActiveCfg = Release|Any CPU
		{F42E42B1-1903-4AF1-B716-2E2B8CD0507C}.Release|ARM.Build.0 = Release|Any CPU
		{F42E42B1-1903-4AF1-B716-2E2B8CD0507C}.Release|ARM.Deploy.0 = Release|Any CPU
		{F42E42B1-1903-4AF1-B716-2E2B8CD0507C}.Release|iPhone.ActiveCfg = Release|Any CPU
		{F42E42B1-1903-4AF1-B716-2E2B8CD0507C}.Release|iPhone.Build.0 = Release|Any CPU
		{F42E42B1-1903-4AF1-B716-2E2B8CD0507C}.Release|iPhone.Deploy.0 = Release|Any CPU
		{F42E42B1-1903-4AF1-B716-2E2B8CD0507C}.Release|iPhoneSimulator.ActiveCfg = Release|Any CPU
		{F42E42B1-1903-4AF1-B716-2E2B8CD0507C}.Release|iPhoneSimulator.Build.0 = Release|Any CPU
		{F42E42B1-1903-4AF1-B716-2E2B8CD0507C}.Release|iPhoneSimulator.Deploy.0 = Release|Any CPU
		{F42E42B1-1903-4AF1-B716-2E2B8CD0507C}.Release|x64.ActiveCfg = Release|Any CPU
		{F42E42B1-1903-4AF1-B716-2E2B8CD0507C}.Release|x64.Build.0 = Release|Any CPU
		{F42E42B1-1903-4AF1-B716-2E2B8CD0507C}.Release|x64.Deploy.0 = Release|Any CPU
		{F42E42B1-1903-4AF1-B716-2E2B8CD0507C}.Release|x86.ActiveCfg = Release|Any CPU
		{F42E42B1-1903-4AF1-B716-2E2B8CD0507C}.Release|x86.Build.0 = Release|Any CPU
		{F42E42B1-1903-4AF1-B716-2E2B8CD0507C}.Release|x86.Deploy.0 = Release|Any CPU
		{D475C382-AEBD-467F-BABA-D901995091A9}.Debug|Any CPU.ActiveCfg = Debug|iPhone
		{D475C382-AEBD-467F-BABA-D901995091A9}.Debug|Any CPU.Build.0 = Debug|iPhone
		{D475C382-AEBD-467F-BABA-D901995091A9}.Debug|Any CPU.Deploy.0 = Debug|iPhone
		{D475C382-AEBD-467F-BABA-D901995091A9}.Debug|ARM.ActiveCfg = Debug|iPhoneSimulator
		{D475C382-AEBD-467F-BABA-D901995091A9}.Debug|ARM.Build.0 = Debug|iPhoneSimulator
		{D475C382-AEBD-467F-BABA-D901995091A9}.Debug|ARM.Deploy.0 = Debug|iPhoneSimulator
		{D475C382-AEBD-467F-BABA-D901995091A9}.Debug|iPhone.ActiveCfg = Debug|iPhone
		{D475C382-AEBD-467F-BABA-D901995091A9}.Debug|iPhone.Build.0 = Debug|iPhone
		{D475C382-AEBD-467F-BABA-D901995091A9}.Debug|iPhone.Deploy.0 = Debug|iPhone
		{D475C382-AEBD-467F-BABA-D901995091A9}.Debug|iPhoneSimulator.ActiveCfg = Debug|iPhoneSimulator
		{D475C382-AEBD-467F-BABA-D901995091A9}.Debug|iPhoneSimulator.Build.0 = Debug|iPhoneSimulator
		{D475C382-AEBD-467F-BABA-D901995091A9}.Debug|iPhoneSimulator.Deploy.0 = Debug|iPhoneSimulator
		{D475C382-AEBD-467F-BABA-D901995091A9}.Debug|x64.ActiveCfg = Debug|iPhone
		{D475C382-AEBD-467F-BABA-D901995091A9}.Debug|x64.Build.0 = Debug|iPhone
		{D475C382-AEBD-467F-BABA-D901995091A9}.Debug|x64.Deploy.0 = Debug|iPhone
		{D475C382-AEBD-467F-BABA-D901995091A9}.Debug|x86.ActiveCfg = Debug|iPhone
		{D475C382-AEBD-467F-BABA-D901995091A9}.Debug|x86.Build.0 = Debug|iPhone
		{D475C382-AEBD-467F-BABA-D901995091A9}.Debug|x86.Deploy.0 = Debug|iPhone
		{D475C382-AEBD-467F-BABA-D901995091A9}.Release|Any CPU.ActiveCfg = Release|iPhone
		{D475C382-AEBD-467F-BABA-D901995091A9}.Release|Any CPU.Build.0 = Release|iPhone
		{D475C382-AEBD-467F-BABA-D901995091A9}.Release|Any CPU.Deploy.0 = Release|iPhone
		{D475C382-AEBD-467F-BABA-D901995091A9}.Release|ARM.ActiveCfg = Release|iPhone
		{D475C382-AEBD-467F-BABA-D901995091A9}.Release|ARM.Build.0 = Release|iPhone
		{D475C382-AEBD-467F-BABA-D901995091A9}.Release|ARM.Deploy.0 = Release|iPhone
		{D475C382-AEBD-467F-BABA-D901995091A9}.Release|iPhone.ActiveCfg = Release|iPhone
		{D475C382-AEBD-467F-BABA-D901995091A9}.Release|iPhone.Build.0 = Release|iPhone
		{D475C382-AEBD-467F-BABA-D901995091A9}.Release|iPhone.Deploy.0 = Release|iPhone
		{D475C382-AEBD-467F-BABA-D901995091A9}.Release|iPhoneSimulator.ActiveCfg = Release|iPhoneSimulator
		{D475C382-AEBD-467F-BABA-D901995091A9}.Release|iPhoneSimulator.Build.0 = Release|iPhoneSimulator
		{D475C382-AEBD-467F-BABA-D901995091A9}.Release|iPhoneSimulator.Deploy.0 = Release|iPhoneSimulator
		{D475C382-AEBD-467F-BABA-D901995091A9}.Release|x64.ActiveCfg = Release|iPhone
		{D475C382-AEBD-467F-BABA-D901995091A9}.Release|x64.Build.0 = Release|iPhone
		{D475C382-AEBD-467F-BABA-D901995091A9}.Release|x64.Deploy.0 = Release|iPhone
		{D475C382-AEBD-467F-BABA-D901995091A9}.Release|x86.ActiveCfg = Release|iPhone
		{D475C382-AEBD-467F-BABA-D901995091A9}.Release|x86.Build.0 = Release|iPhone
		{D475C382-AEBD-467F-BABA-D901995091A9}.Release|x86.Deploy.0 = Release|iPhone
		{D0DEF01A-8612-4B79-BE3C-831008F9FD2E}.Debug|Any CPU.ActiveCfg = Debug|Any CPU
		{D0DEF01A-8612-4B79-BE3C-831008F9FD2E}.Debug|Any CPU.Build.0 = Debug|Any CPU
		{D0DEF01A-8612-4B79-BE3C-831008F9FD2E}.Debug|Any CPU.Deploy.0 = Debug|Any CPU
		{D0DEF01A-8612-4B79-BE3C-831008F9FD2E}.Debug|ARM.ActiveCfg = Debug|Any CPU
		{D0DEF01A-8612-4B79-BE3C-831008F9FD2E}.Debug|ARM.Build.0 = Debug|Any CPU
		{D0DEF01A-8612-4B79-BE3C-831008F9FD2E}.Debug|ARM.Deploy.0 = Debug|Any CPU
		{D0DEF01A-8612-4B79-BE3C-831008F9FD2E}.Debug|iPhone.ActiveCfg = Debug|Any CPU
		{D0DEF01A-8612-4B79-BE3C-831008F9FD2E}.Debug|iPhone.Build.0 = Debug|Any CPU
		{D0DEF01A-8612-4B79-BE3C-831008F9FD2E}.Debug|iPhone.Deploy.0 = Debug|Any CPU
		{D0DEF01A-8612-4B79-BE3C-831008F9FD2E}.Debug|iPhoneSimulator.ActiveCfg = Debug|Any CPU
		{D0DEF01A-8612-4B79-BE3C-831008F9FD2E}.Debug|iPhoneSimulator.Build.0 = Debug|Any CPU
		{D0DEF01A-8612-4B79-BE3C-831008F9FD2E}.Debug|iPhoneSimulator.Deploy.0 = Debug|Any CPU
		{D0DEF01A-8612-4B79-BE3C-831008F9FD2E}.Debug|x64.ActiveCfg = Debug|Any CPU
		{D0DEF01A-8612-4B79-BE3C-831008F9FD2E}.Debug|x64.Build.0 = Debug|Any CPU
		{D0DEF01A-8612-4B79-BE3C-831008F9FD2E}.Debug|x64.Deploy.0 = Debug|Any CPU
		{D0DEF01A-8612-4B79-BE3C-831008F9FD2E}.Debug|x86.ActiveCfg = Debug|Any CPU
		{D0DEF01A-8612-4B79-BE3C-831008F9FD2E}.Debug|x86.Build.0 = Debug|Any CPU
		{D0DEF01A-8612-4B79-BE3C-831008F9FD2E}.Debug|x86.Deploy.0 = Debug|Any CPU
		{D0DEF01A-8612-4B79-BE3C-831008F9FD2E}.Release|Any CPU.ActiveCfg = Release|Any CPU
		{D0DEF01A-8612-4B79-BE3C-831008F9FD2E}.Release|Any CPU.Build.0 = Release|Any CPU
		{D0DEF01A-8612-4B79-BE3C-831008F9FD2E}.Release|Any CPU.Deploy.0 = Release|Any CPU
		{D0DEF01A-8612-4B79-BE3C-831008F9FD2E}.Release|ARM.ActiveCfg = Release|Any CPU
		{D0DEF01A-8612-4B79-BE3C-831008F9FD2E}.Release|ARM.Build.0 = Release|Any CPU
		{D0DEF01A-8612-4B79-BE3C-831008F9FD2E}.Release|ARM.Deploy.0 = Release|Any CPU
		{D0DEF01A-8612-4B79-BE3C-831008F9FD2E}.Release|iPhone.ActiveCfg = Release|Any CPU
		{D0DEF01A-8612-4B79-BE3C-831008F9FD2E}.Release|iPhone.Build.0 = Release|Any CPU
		{D0DEF01A-8612-4B79-BE3C-831008F9FD2E}.Release|iPhone.Deploy.0 = Release|Any CPU
		{D0DEF01A-8612-4B79-BE3C-831008F9FD2E}.Release|iPhoneSimulator.ActiveCfg = Release|Any CPU
		{D0DEF01A-8612-4B79-BE3C-831008F9FD2E}.Release|iPhoneSimulator.Build.0 = Release|Any CPU
		{D0DEF01A-8612-4B79-BE3C-831008F9FD2E}.Release|iPhoneSimulator.Deploy.0 = Release|Any CPU
		{D0DEF01A-8612-4B79-BE3C-831008F9FD2E}.Release|x64.ActiveCfg = Release|Any CPU
		{D0DEF01A-8612-4B79-BE3C-831008F9FD2E}.Release|x64.Build.0 = Release|Any CPU
		{D0DEF01A-8612-4B79-BE3C-831008F9FD2E}.Release|x64.Deploy.0 = Release|Any CPU
		{D0DEF01A-8612-4B79-BE3C-831008F9FD2E}.Release|x86.ActiveCfg = Release|Any CPU
		{D0DEF01A-8612-4B79-BE3C-831008F9FD2E}.Release|x86.Build.0 = Release|Any CPU
		{D0DEF01A-8612-4B79-BE3C-831008F9FD2E}.Release|x86.Deploy.0 = Release|Any CPU
	EndGlobalSection
	GlobalSection(SolutionProperties) = preSolution
		HideSolutionNode = FALSE
	EndGlobalSection
	GlobalSection(ExtensibilityGlobals) = postSolution
		SolutionGuid = {A8362FE5-17AB-4757-9B93-04D6F80BD35F}
	EndGlobalSection
EndGlobal
